// !$*UTF8*$!
{
	archiveVersion = 1;
	classes = {
	};
	objectVersion = 56;
	objects = {

/* Begin PBXBuildFile section */
		16EB1EBE2AD94C8D00137223 /* AppDelegate.swift in Sources */ = {isa = PBXBuildFile; fileRef = 16EB1EBD2AD94C8D00137223 /* AppDelegate.swift */; };
		16EB1EC02AD94C8D00137223 /* SceneDelegate.swift in Sources */ = {isa = PBXBuildFile; fileRef = 16EB1EBF2AD94C8D00137223 /* SceneDelegate.swift */; };
		16EB1EC52AD94C8D00137223 /* Home.storyboard in Resources */ = {isa = PBXBuildFile; fileRef = 16EB1EC32AD94C8D00137223 /* Home.storyboard */; };
		16EB1EC72AD94C8E00137223 /* Assets.xcassets in Resources */ = {isa = PBXBuildFile; fileRef = 16EB1EC62AD94C8E00137223 /* Assets.xcassets */; };
		16EB1ECA2AD94C8E00137223 /* LaunchScreen.storyboard in Resources */ = {isa = PBXBuildFile; fileRef = 16EB1EC82AD94C8E00137223 /* LaunchScreen.storyboard */; };
		16EB1ED52AD94C8E00137223 /* Cinemo_AppTests.swift in Sources */ = {isa = PBXBuildFile; fileRef = 16EB1ED42AD94C8E00137223 /* Cinemo_AppTests.swift */; };
		16EB1EDF2AD94C8E00137223 /* Cinemo_AppUITests.swift in Sources */ = {isa = PBXBuildFile; fileRef = 16EB1EDE2AD94C8E00137223 /* Cinemo_AppUITests.swift */; };
		16EB1EE12AD94C8E00137223 /* Cinemo_AppUITestsLaunchTests.swift in Sources */ = {isa = PBXBuildFile; fileRef = 16EB1EE02AD94C8E00137223 /* Cinemo_AppUITestsLaunchTests.swift */; };
		16EB1EF22AD94EB300137223 /* HomeViewController.swift in Sources */ = {isa = PBXBuildFile; fileRef = 16EB1EF12AD94EB300137223 /* HomeViewController.swift */; };
		16EB1EF42AD94ED500137223 /* HomeViewModel.swift in Sources */ = {isa = PBXBuildFile; fileRef = 16EB1EF32AD94ED500137223 /* HomeViewModel.swift */; };
/* End PBXBuildFile section */

/* Begin PBXContainerItemProxy section */
		16EB1ED12AD94C8E00137223 /* PBXContainerItemProxy */ = {
			isa = PBXContainerItemProxy;
			containerPortal = 16EB1EB22AD94C8D00137223 /* Project object */;
			proxyType = 1;
			remoteGlobalIDString = 16EB1EB92AD94C8D00137223;
			remoteInfo = "Cinemo App";
		};
		16EB1EDB2AD94C8E00137223 /* PBXContainerItemProxy */ = {
			isa = PBXContainerItemProxy;
			containerPortal = 16EB1EB22AD94C8D00137223 /* Project object */;
			proxyType = 1;
			remoteGlobalIDString = 16EB1EB92AD94C8D00137223;
			remoteInfo = "Cinemo App";
		};
/* End PBXContainerItemProxy section */

/* Begin PBXFileReference section */
		16EB1EBA2AD94C8D00137223 /* Cinemo App.app */ = {isa = PBXFileReference; explicitFileType = wrapper.application; includeInIndex = 0; path = "Cinemo App.app"; sourceTree = BUILT_PRODUCTS_DIR; };
		16EB1EBD2AD94C8D00137223 /* AppDelegate.swift */ = {isa = PBXFileReference; lastKnownFileType = sourcecode.swift; path = AppDelegate.swift; sourceTree = "<group>"; };
		16EB1EBF2AD94C8D00137223 /* SceneDelegate.swift */ = {isa = PBXFileReference; lastKnownFileType = sourcecode.swift; path = SceneDelegate.swift; sourceTree = "<group>"; };
		16EB1EC42AD94C8D00137223 /* Base */ = {isa = PBXFileReference; lastKnownFileType = file.storyboard; name = Base; path = Base.lproj/Home.storyboard; sourceTree = "<group>"; };
		16EB1EC62AD94C8E00137223 /* Assets.xcassets */ = {isa = PBXFileReference; lastKnownFileType = folder.assetcatalog; path = Assets.xcassets; sourceTree = "<group>"; };
		16EB1EC92AD94C8E00137223 /* Base */ = {isa = PBXFileReference; lastKnownFileType = file.storyboard; name = Base; path = Base.lproj/LaunchScreen.storyboard; sourceTree = "<group>"; };
		16EB1ECB2AD94C8E00137223 /* Info.plist */ = {isa = PBXFileReference; lastKnownFileType = text.plist.xml; path = Info.plist; sourceTree = "<group>"; };
		16EB1ED02AD94C8E00137223 /* Cinemo AppTests.xctest */ = {isa = PBXFileReference; explicitFileType = wrapper.cfbundle; includeInIndex = 0; path = "Cinemo AppTests.xctest"; sourceTree = BUILT_PRODUCTS_DIR; };
		16EB1ED42AD94C8E00137223 /* Cinemo_AppTests.swift */ = {isa = PBXFileReference; lastKnownFileType = sourcecode.swift; path = Cinemo_AppTests.swift; sourceTree = "<group>"; };
		16EB1EDA2AD94C8E00137223 /* Cinemo AppUITests.xctest */ = {isa = PBXFileReference; explicitFileType = wrapper.cfbundle; includeInIndex = 0; path = "Cinemo AppUITests.xctest"; sourceTree = BUILT_PRODUCTS_DIR; };
		16EB1EDE2AD94C8E00137223 /* Cinemo_AppUITests.swift */ = {isa = PBXFileReference; lastKnownFileType = sourcecode.swift; path = Cinemo_AppUITests.swift; sourceTree = "<group>"; };
		16EB1EE02AD94C8E00137223 /* Cinemo_AppUITestsLaunchTests.swift */ = {isa = PBXFileReference; lastKnownFileType = sourcecode.swift; path = Cinemo_AppUITestsLaunchTests.swift; sourceTree = "<group>"; };
		16EB1EF12AD94EB300137223 /* HomeViewController.swift */ = {isa = PBXFileReference; lastKnownFileType = sourcecode.swift; path = HomeViewController.swift; sourceTree = "<group>"; };
		16EB1EF32AD94ED500137223 /* HomeViewModel.swift */ = {isa = PBXFileReference; lastKnownFileType = sourcecode.swift; path = HomeViewModel.swift; sourceTree = "<group>"; };
/* End PBXFileReference section */

/* Begin PBXFrameworksBuildPhase section */
		16EB1EB72AD94C8D00137223 /* Frameworks */ = {
			isa = PBXFrameworksBuildPhase;
			buildActionMask = 2147483647;
			files = (
			);
			runOnlyForDeploymentPostprocessing = 0;
		};
		16EB1ECD2AD94C8E00137223 /* Frameworks */ = {
			isa = PBXFrameworksBuildPhase;
			buildActionMask = 2147483647;
			files = (
			);
			runOnlyForDeploymentPostprocessing = 0;
		};
		16EB1ED72AD94C8E00137223 /* Frameworks */ = {
			isa = PBXFrameworksBuildPhase;
			buildActionMask = 2147483647;
			files = (
			);
			runOnlyForDeploymentPostprocessing = 0;
		};
/* End PBXFrameworksBuildPhase section */

/* Begin PBXGroup section */
		16EB1EB12AD94C8D00137223 = {
			isa = PBXGroup;
			children = (
				16EB1EBC2AD94C8D00137223 /* Cinemo App */,
				16EB1ED32AD94C8E00137223 /* Cinemo AppTests */,
				16EB1EDD2AD94C8E00137223 /* Cinemo AppUITests */,
				16EB1EBB2AD94C8D00137223 /* Products */,
			);
			sourceTree = "<group>";
		};
		16EB1EBB2AD94C8D00137223 /* Products */ = {
			isa = PBXGroup;
			children = (
				16EB1EBA2AD94C8D00137223 /* Cinemo App.app */,
				16EB1ED02AD94C8E00137223 /* Cinemo AppTests.xctest */,
				16EB1EDA2AD94C8E00137223 /* Cinemo AppUITests.xctest */,
			);
			name = Products;
			sourceTree = "<group>";
		};
		16EB1EBC2AD94C8D00137223 /* Cinemo App */ = {
			isa = PBXGroup;
			children = (
				16EB1EED2AD94E4C00137223 /* Scene */,
				16EB1EBD2AD94C8D00137223 /* AppDelegate.swift */,
				16EB1EBF2AD94C8D00137223 /* SceneDelegate.swift */,
				16EB1EC62AD94C8E00137223 /* Assets.xcassets */,
				16EB1EC82AD94C8E00137223 /* LaunchScreen.storyboard */,
				16EB1ECB2AD94C8E00137223 /* Info.plist */,
			);
			path = "Cinemo App";
			sourceTree = "<group>";
		};
		16EB1ED32AD94C8E00137223 /* Cinemo AppTests */ = {
			isa = PBXGroup;
			children = (
				16EB1ED42AD94C8E00137223 /* Cinemo_AppTests.swift */,
			);
			path = "Cinemo AppTests";
			sourceTree = "<group>";
		};
		16EB1EDD2AD94C8E00137223 /* Cinemo AppUITests */ = {
			isa = PBXGroup;
			children = (
				16EB1EDE2AD94C8E00137223 /* Cinemo_AppUITests.swift */,
				16EB1EE02AD94C8E00137223 /* Cinemo_AppUITestsLaunchTests.swift */,
			);
			path = "Cinemo AppUITests";
			sourceTree = "<group>";
		};
		16EB1EED2AD94E4C00137223 /* Scene */ = {
			isa = PBXGroup;
			children = (
				16EB1EF02AD94E7C00137223 /* Favourite */,
				16EB1EEF2AD94E7600137223 /* Detail */,
				16EB1EEE2AD94E7200137223 /* Home */,
			);
			path = Scene;
			sourceTree = "<group>";
		};
		16EB1EEE2AD94E7200137223 /* Home */ = {
			isa = PBXGroup;
			children = (
				16EB1EC32AD94C8D00137223 /* Home.storyboard */,
				16EB1EF12AD94EB300137223 /* HomeViewController.swift */,
				16EB1EF32AD94ED500137223 /* HomeViewModel.swift */,
			);
			path = Home;
			sourceTree = "<group>";
		};
		16EB1EEF2AD94E7600137223 /* Detail */ = {
			isa = PBXGroup;
			children = (
			);
			path = Detail;
			sourceTree = "<group>";
		};
		16EB1EF02AD94E7C00137223 /* Favourite */ = {
			isa = PBXGroup;
			children = (
			);
			path = Favourite;
			sourceTree = "<group>";
		};
/* End PBXGroup section */

/* Begin PBXNativeTarget section */
		16EB1EB92AD94C8D00137223 /* Cinemo App */ = {
			isa = PBXNativeTarget;
			buildConfigurationList = 16EB1EE42AD94C8E00137223 /* Build configuration list for PBXNativeTarget "Cinemo App" */;
			buildPhases = (
				16EB1EB62AD94C8D00137223 /* Sources */,
				16EB1EB72AD94C8D00137223 /* Frameworks */,
				16EB1EB82AD94C8D00137223 /* Resources */,
			);
			buildRules = (
			);
			dependencies = (
			);
			name = "Cinemo App";
			productName = "Cinemo App";
			productReference = 16EB1EBA2AD94C8D00137223 /* Cinemo App.app */;
			productType = "com.apple.product-type.application";
		};
		16EB1ECF2AD94C8E00137223 /* Cinemo AppTests */ = {
			isa = PBXNativeTarget;
			buildConfigurationList = 16EB1EE72AD94C8E00137223 /* Build configuration list for PBXNativeTarget "Cinemo AppTests" */;
			buildPhases = (
				16EB1ECC2AD94C8E00137223 /* Sources */,
				16EB1ECD2AD94C8E00137223 /* Frameworks */,
				16EB1ECE2AD94C8E00137223 /* Resources */,
			);
			buildRules = (
			);
			dependencies = (
				16EB1ED22AD94C8E00137223 /* PBXTargetDependency */,
			);
			name = "Cinemo AppTests";
			productName = "Cinemo AppTests";
			productReference = 16EB1ED02AD94C8E00137223 /* Cinemo AppTests.xctest */;
			productType = "com.apple.product-type.bundle.unit-test";
		};
		16EB1ED92AD94C8E00137223 /* Cinemo AppUITests */ = {
			isa = PBXNativeTarget;
			buildConfigurationList = 16EB1EEA2AD94C8E00137223 /* Build configuration list for PBXNativeTarget "Cinemo AppUITests" */;
			buildPhases = (
				16EB1ED62AD94C8E00137223 /* Sources */,
				16EB1ED72AD94C8E00137223 /* Frameworks */,
				16EB1ED82AD94C8E00137223 /* Resources */,
			);
			buildRules = (
			);
			dependencies = (
				16EB1EDC2AD94C8E00137223 /* PBXTargetDependency */,
			);
			name = "Cinemo AppUITests";
			productName = "Cinemo AppUITests";
			productReference = 16EB1EDA2AD94C8E00137223 /* Cinemo AppUITests.xctest */;
			productType = "com.apple.product-type.bundle.ui-testing";
		};
/* End PBXNativeTarget section */

/* Begin PBXProject section */
		16EB1EB22AD94C8D00137223 /* Project object */ = {
			isa = PBXProject;
			attributes = {
				BuildIndependentTargetsInParallel = 1;
				LastSwiftUpdateCheck = 1500;
				LastUpgradeCheck = 1500;
				TargetAttributes = {
					16EB1EB92AD94C8D00137223 = {
						CreatedOnToolsVersion = 15.0;
					};
					16EB1ECF2AD94C8E00137223 = {
						CreatedOnToolsVersion = 15.0;
						TestTargetID = 16EB1EB92AD94C8D00137223;
					};
					16EB1ED92AD94C8E00137223 = {
						CreatedOnToolsVersion = 15.0;
						TestTargetID = 16EB1EB92AD94C8D00137223;
					};
				};
			};
			buildConfigurationList = 16EB1EB52AD94C8D00137223 /* Build configuration list for PBXProject "Cinemo App" */;
			compatibilityVersion = "Xcode 14.0";
			developmentRegion = en;
			hasScannedForEncodings = 0;
			knownRegions = (
				en,
				Base,
			);
			mainGroup = 16EB1EB12AD94C8D00137223;
			productRefGroup = 16EB1EBB2AD94C8D00137223 /* Products */;
			projectDirPath = "";
			projectRoot = "";
			targets = (
				16EB1EB92AD94C8D00137223 /* Cinemo App */,
				16EB1ECF2AD94C8E00137223 /* Cinemo AppTests */,
				16EB1ED92AD94C8E00137223 /* Cinemo AppUITests */,
			);
		};
/* End PBXProject section */

/* Begin PBXResourcesBuildPhase section */
		16EB1EB82AD94C8D00137223 /* Resources */ = {
			isa = PBXResourcesBuildPhase;
			buildActionMask = 2147483647;
			files = (
				16EB1ECA2AD94C8E00137223 /* LaunchScreen.storyboard in Resources */,
				16EB1EC72AD94C8E00137223 /* Assets.xcassets in Resources */,
				16EB1EC52AD94C8D00137223 /* Home.storyboard in Resources */,
			);
			runOnlyForDeploymentPostprocessing = 0;
		};
		16EB1ECE2AD94C8E00137223 /* Resources */ = {
			isa = PBXResourcesBuildPhase;
			buildActionMask = 2147483647;
			files = (
			);
			runOnlyForDeploymentPostprocessing = 0;
		};
		16EB1ED82AD94C8E00137223 /* Resources */ = {
			isa = PBXResourcesBuildPhase;
			buildActionMask = 2147483647;
			files = (
			);
			runOnlyForDeploymentPostprocessing = 0;
		};
/* End PBXResourcesBuildPhase section */

/* Begin PBXSourcesBuildPhase section */
		16EB1EB62AD94C8D00137223 /* Sources */ = {
			isa = PBXSourcesBuildPhase;
			buildActionMask = 2147483647;
			files = (
				16EB1EBE2AD94C8D00137223 /* AppDelegate.swift in Sources */,
				16EB1EC02AD94C8D00137223 /* SceneDelegate.swift in Sources */,
				16EB1EF22AD94EB300137223 /* HomeViewController.swift in Sources */,
				16EB1EF42AD94ED500137223 /* HomeViewModel.swift in Sources */,
			);
			runOnlyForDeploymentPostprocessing = 0;
		};
		16EB1ECC2AD94C8E00137223 /* Sources */ = {
			isa = PBXSourcesBuildPhase;
			buildActionMask = 2147483647;
			files = (
				16EB1ED52AD94C8E00137223 /* Cinemo_AppTests.swift in Sources */,
			);
			runOnlyForDeploymentPostprocessing = 0;
		};
		16EB1ED62AD94C8E00137223 /* Sources */ = {
			isa = PBXSourcesBuildPhase;
			buildActionMask = 2147483647;
			files = (
				16EB1EDF2AD94C8E00137223 /* Cinemo_AppUITests.swift in Sources */,
				16EB1EE12AD94C8E00137223 /* Cinemo_AppUITestsLaunchTests.swift in Sources */,
			);
			runOnlyForDeploymentPostprocessing = 0;
		};
/* End PBXSourcesBuildPhase section */

/* Begin PBXTargetDependency section */
		16EB1ED22AD94C8E00137223 /* PBXTargetDependency */ = {
			isa = PBXTargetDependency;
			target = 16EB1EB92AD94C8D00137223 /* Cinemo App */;
			targetProxy = 16EB1ED12AD94C8E00137223 /* PBXContainerItemProxy */;
		};
		16EB1EDC2AD94C8E00137223 /* PBXTargetDependency */ = {
			isa = PBXTargetDependency;
			target = 16EB1EB92AD94C8D00137223 /* Cinemo App */;
			targetProxy = 16EB1EDB2AD94C8E00137223 /* PBXContainerItemProxy */;
		};
/* End PBXTargetDependency section */

/* Begin PBXVariantGroup section */
		16EB1EC32AD94C8D00137223 /* Home.storyboard */ = {
			isa = PBXVariantGroup;
			children = (
				16EB1EC42AD94C8D00137223 /* Base */,
			);
			name = Home.storyboard;
			sourceTree = "<group>";
		};
		16EB1EC82AD94C8E00137223 /* LaunchScreen.storyboard */ = {
			isa = PBXVariantGroup;
			children = (
				16EB1EC92AD94C8E00137223 /* Base */,
			);
			name = LaunchScreen.storyboard;
			sourceTree = "<group>";
		};
/* End PBXVariantGroup section */

/* Begin XCBuildConfiguration section */
		16EB1EE22AD94C8E00137223 /* Debug */ = {
			isa = XCBuildConfiguration;
			buildSettings = {
				ALWAYS_SEARCH_USER_PATHS = NO;
				ASSETCATALOG_COMPILER_GENERATE_SWIFT_ASSET_SYMBOL_EXTENSIONS = YES;
				CLANG_ANALYZER_NONNULL = YES;
				CLANG_ANALYZER_NUMBER_OBJECT_CONVERSION = YES_AGGRESSIVE;
				CLANG_CXX_LANGUAGE_STANDARD = "gnu++20";
				CLANG_ENABLE_MODULES = YES;
				CLANG_ENABLE_OBJC_ARC = YES;
				CLANG_ENABLE_OBJC_WEAK = YES;
				CLANG_WARN_BLOCK_CAPTURE_AUTORELEASING = YES;
				CLANG_WARN_BOOL_CONVERSION = YES;
				CLANG_WARN_COMMA = YES;
				CLANG_WARN_CONSTANT_CONVERSION = YES;
				CLANG_WARN_DEPRECATED_OBJC_IMPLEMENTATIONS = YES;
				CLANG_WARN_DIRECT_OBJC_ISA_USAGE = YES_ERROR;
				CLANG_WARN_DOCUMENTATION_COMMENTS = YES;
				CLANG_WARN_EMPTY_BODY = YES;
				CLANG_WARN_ENUM_CONVERSION = YES;
				CLANG_WARN_INFINITE_RECURSION = YES;
				CLANG_WARN_INT_CONVERSION = YES;
				CLANG_WARN_NON_LITERAL_NULL_CONVERSION = YES;
				CLANG_WARN_OBJC_IMPLICIT_RETAIN_SELF = YES;
				CLANG_WARN_OBJC_LITERAL_CONVERSION = YES;
				CLANG_WARN_OBJC_ROOT_CLASS = YES_ERROR;
				CLANG_WARN_QUOTED_INCLUDE_IN_FRAMEWORK_HEADER = YES;
				CLANG_WARN_RANGE_LOOP_ANALYSIS = YES;
				CLANG_WARN_STRICT_PROTOTYPES = YES;
				CLANG_WARN_SUSPICIOUS_MOVE = YES;
				CLANG_WARN_UNGUARDED_AVAILABILITY = YES_AGGRESSIVE;
				CLANG_WARN_UNREACHABLE_CODE = YES;
				CLANG_WARN__DUPLICATE_METHOD_MATCH = YES;
				COPY_PHASE_STRIP = NO;
				DEBUG_INFORMATION_FORMAT = dwarf;
				ENABLE_STRICT_OBJC_MSGSEND = YES;
				ENABLE_TESTABILITY = YES;
				ENABLE_USER_SCRIPT_SANDBOXING = YES;
				GCC_C_LANGUAGE_STANDARD = gnu17;
				GCC_DYNAMIC_NO_PIC = NO;
				GCC_NO_COMMON_BLOCKS = YES;
				GCC_OPTIMIZATION_LEVEL = 0;
				GCC_PREPROCESSOR_DEFINITIONS = (
					"DEBUG=1",
					"$(inherited)",
				);
				GCC_WARN_64_TO_32_BIT_CONVERSION = YES;
				GCC_WARN_ABOUT_RETURN_TYPE = YES_ERROR;
				GCC_WARN_UNDECLARED_SELECTOR = YES;
				GCC_WARN_UNINITIALIZED_AUTOS = YES_AGGRESSIVE;
				GCC_WARN_UNUSED_FUNCTION = YES;
				GCC_WARN_UNUSED_VARIABLE = YES;
				IPHONEOS_DEPLOYMENT_TARGET = 17.0;
				LOCALIZATION_PREFERS_STRING_CATALOGS = YES;
				MTL_ENABLE_DEBUG_INFO = INCLUDE_SOURCE;
				MTL_FAST_MATH = YES;
				ONLY_ACTIVE_ARCH = YES;
				SDKROOT = iphoneos;
				SWIFT_ACTIVE_COMPILATION_CONDITIONS = "DEBUG $(inherited)";
				SWIFT_OPTIMIZATION_LEVEL = "-Onone";
			};
			name = Debug;
		};
		16EB1EE32AD94C8E00137223 /* Release */ = {
			isa = XCBuildConfiguration;
			buildSettings = {
				ALWAYS_SEARCH_USER_PATHS = NO;
				ASSETCATALOG_COMPILER_GENERATE_SWIFT_ASSET_SYMBOL_EXTENSIONS = YES;
				CLANG_ANALYZER_NONNULL = YES;
				CLANG_ANALYZER_NUMBER_OBJECT_CONVERSION = YES_AGGRESSIVE;
				CLANG_CXX_LANGUAGE_STANDARD = "gnu++20";
				CLANG_ENABLE_MODULES = YES;
				CLANG_ENABLE_OBJC_ARC = YES;
				CLANG_ENABLE_OBJC_WEAK = YES;
				CLANG_WARN_BLOCK_CAPTURE_AUTORELEASING = YES;
				CLANG_WARN_BOOL_CONVERSION = YES;
				CLANG_WARN_COMMA = YES;
				CLANG_WARN_CONSTANT_CONVERSION = YES;
				CLANG_WARN_DEPRECATED_OBJC_IMPLEMENTATIONS = YES;
				CLANG_WARN_DIRECT_OBJC_ISA_USAGE = YES_ERROR;
				CLANG_WARN_DOCUMENTATION_COMMENTS = YES;
				CLANG_WARN_EMPTY_BODY = YES;
				CLANG_WARN_ENUM_CONVERSION = YES;
				CLANG_WARN_INFINITE_RECURSION = YES;
				CLANG_WARN_INT_CONVERSION = YES;
				CLANG_WARN_NON_LITERAL_NULL_CONVERSION = YES;
				CLANG_WARN_OBJC_IMPLICIT_RETAIN_SELF = YES;
				CLANG_WARN_OBJC_LITERAL_CONVERSION = YES;
				CLANG_WARN_OBJC_ROOT_CLASS = YES_ERROR;
				CLANG_WARN_QUOTED_INCLUDE_IN_FRAMEWORK_HEADER = YES;
				CLANG_WARN_RANGE_LOOP_ANALYSIS = YES;
				CLANG_WARN_STRICT_PROTOTYPES = YES;
				CLANG_WARN_SUSPICIOUS_MOVE = YES;
				CLANG_WARN_UNGUARDED_AVAILABILITY = YES_AGGRESSIVE;
				CLANG_WARN_UNREACHABLE_CODE = YES;
				CLANG_WARN__DUPLICATE_METHOD_MATCH = YES;
				COPY_PHASE_STRIP = NO;
				DEBUG_INFORMATION_FORMAT = "dwarf-with-dsym";
				ENABLE_NS_ASSERTIONS = NO;
				ENABLE_STRICT_OBJC_MSGSEND = YES;
				ENABLE_USER_SCRIPT_SANDBOXING = YES;
				GCC_C_LANGUAGE_STANDARD = gnu17;
				GCC_NO_COMMON_BLOCKS = YES;
				GCC_WARN_64_TO_32_BIT_CONVERSION = YES;
				GCC_WARN_ABOUT_RETURN_TYPE = YES_ERROR;
				GCC_WARN_UNDECLARED_SELECTOR = YES;
				GCC_WARN_UNINITIALIZED_AUTOS = YES_AGGRESSIVE;
				GCC_WARN_UNUSED_FUNCTION = YES;
				GCC_WARN_UNUSED_VARIABLE = YES;
				IPHONEOS_DEPLOYMENT_TARGET = 17.0;
				LOCALIZATION_PREFERS_STRING_CATALOGS = YES;
				MTL_ENABLE_DEBUG_INFO = NO;
				MTL_FAST_MATH = YES;
				SDKROOT = iphoneos;
				SWIFT_COMPILATION_MODE = wholemodule;
				VALIDATE_PRODUCT = YES;
			};
			name = Release;
		};
		16EB1EE52AD94C8E00137223 /* Debug */ = {
			isa = XCBuildConfiguration;
			buildSettings = {
				ASSETCATALOG_COMPILER_APPICON_NAME = AppIcon;
				ASSETCATALOG_COMPILER_GLOBAL_ACCENT_COLOR_NAME = AccentColor;
				CODE_SIGN_STYLE = Automatic;
				CURRENT_PROJECT_VERSION = 1;
				DEVELOPMENT_TEAM = V7YAHHBGTK;
				GENERATE_INFOPLIST_FILE = YES;
				INFOPLIST_FILE = "Cinemo App/Info.plist";
				INFOPLIST_KEY_UIApplicationSupportsIndirectInputEvents = YES;
				INFOPLIST_KEY_UILaunchStoryboardName = LaunchScreen;
				INFOPLIST_KEY_UIMainStoryboardFile = Main;
				INFOPLIST_KEY_UISupportedInterfaceOrientations_iPad = "UIInterfaceOrientationPortrait UIInterfaceOrientationPortraitUpsideDown UIInterfaceOrientationLandscapeLeft UIInterfaceOrientationLandscapeRight";
				INFOPLIST_KEY_UISupportedInterfaceOrientations_iPhone = "UIInterfaceOrientationPortrait UIInterfaceOrientationLandscapeLeft UIInterfaceOrientationLandscapeRight";
				LD_RUNPATH_SEARCH_PATHS = (
					"$(inherited)",
					"@executable_path/Frameworks",
				);
				MARKETING_VERSION = 1.0;
				PRODUCT_BUNDLE_IDENTIFIER = "com.tanatip.Cinemo-App";
				PRODUCT_NAME = "$(TARGET_NAME)";
				SWIFT_EMIT_LOC_STRINGS = YES;
				SWIFT_VERSION = 5.0;
				TARGETED_DEVICE_FAMILY = "1,2";
			};
			name = Debug;
		};
		16EB1EE62AD94C8E00137223 /* Release */ = {
			isa = XCBuildConfiguration;
			buildSettings = {
				ASSETCATALOG_COMPILER_APPICON_NAME = AppIcon;
				ASSETCATALOG_COMPILER_GLOBAL_ACCENT_COLOR_NAME = AccentColor;
				CODE_SIGN_STYLE = Automatic;
				CURRENT_PROJECT_VERSION = 1;
				DEVELOPMENT_TEAM = V7YAHHBGTK;
				GENERATE_INFOPLIST_FILE = YES;
				INFOPLIST_FILE = "Cinemo App/Info.plist";
				INFOPLIST_KEY_UIApplicationSupportsIndirectInputEvents = YES;
				INFOPLIST_KEY_UILaunchStoryboardName = LaunchScreen;
				INFOPLIST_KEY_UIMainStoryboardFile = Main;
				INFOPLIST_KEY_UISupportedInterfaceOrientations_iPad = "UIInterfaceOrientationPortrait UIInterfaceOrientationPortraitUpsideDown UIInterfaceOrientationLandscapeLeft UIInterfaceOrientationLandscapeRight";
				INFOPLIST_KEY_UISupportedInterfaceOrientations_iPhone = "UIInterfaceOrientationPortrait UIInterfaceOrientationLandscapeLeft UIInterfaceOrientationLandscapeRight";
				LD_RUNPATH_SEARCH_PATHS = (
					"$(inherited)",
					"@executable_path/Frameworks",
				);
				MARKETING_VERSION = 1.0;
				PRODUCT_BUNDLE_IDENTIFIER = "com.tanatip.Cinemo-App";
				PRODUCT_NAME = "$(TARGET_NAME)";
				SWIFT_EMIT_LOC_STRINGS = YES;
				SWIFT_VERSION = 5.0;
				TARGETED_DEVICE_FAMILY = "1,2";
			};
			name = Release;
		};
		16EB1EE82AD94C8E00137223 /* Debug */ = {
			isa = XCBuildConfiguration;
			buildSettings = {
				ALWAYS_EMBED_SWIFT_STANDARD_LIBRARIES = YES;
				BUNDLE_LOADER = "$(TEST_HOST)";
				CODE_SIGN_STYLE = Automatic;
				CURRENT_PROJECT_VERSION = 1;
				DEVELOPMENT_TEAM = V7YAHHBGTK;
				GENERATE_INFOPLIST_FILE = YES;
				IPHONEOS_DEPLOYMENT_TARGET = 17.0;
				MARKETING_VERSION = 1.0;
				PRODUCT_BUNDLE_IDENTIFIER = "com.tanatip.Cinemo-AppTests";
				PRODUCT_NAME = "$(TARGET_NAME)";
				SWIFT_EMIT_LOC_STRINGS = NO;
				SWIFT_VERSION = 5.0;
				TARGETED_DEVICE_FAMILY = "1,2";
				TEST_HOST = "$(BUILT_PRODUCTS_DIR)/Cinemo App.app/$(BUNDLE_EXECUTABLE_FOLDER_PATH)/Cinemo App";
			};
			name = Debug;
		};
		16EB1EE92AD94C8E00137223 /* Release */ = {
			isa = XCBuildConfiguration;
			buildSettings = {
				ALWAYS_EMBED_SWIFT_STANDARD_LIBRARIES = YES;
				BUNDLE_LOADER = "$(TEST_HOST)";
				CODE_SIGN_STYLE = Automatic;
				CURRENT_PROJECT_VERSION = 1;
				DEVELOPMENT_TEAM = V7YAHHBGTK;
				GENERATE_INFOPLIST_FILE = YES;
				IPHONEOS_DEPLOYMENT_TARGET = 17.0;
				MARKETING_VERSION = 1.0;
				PRODUCT_BUNDLE_IDENTIFIER = "com.tanatip.Cinemo-AppTests";
				PRODUCT_NAME = "$(TARGET_NAME)";
				SWIFT_EMIT_LOC_STRINGS = NO;
				SWIFT_VERSION = 5.0;
				TARGETED_DEVICE_FAMILY = "1,2";
				TEST_HOST = "$(BUILT_PRODUCTS_DIR)/Cinemo App.app/$(BUNDLE_EXECUTABLE_FOLDER_PATH)/Cinemo App";
			};
			name = Release;
		};
		16EB1EEB2AD94C8E00137223 /* Debug */ = {
			isa = XCBuildConfiguration;
			buildSettings = {
				ALWAYS_EMBED_SWIFT_STANDARD_LIBRARIES = YES;
				CODE_SIGN_STYLE = Automatic;
				CURRENT_PROJECT_VERSION = 1;
				DEVELOPMENT_TEAM = V7YAHHBGTK;
				GENERATE_INFOPLIST_FILE = YES;
				MARKETING_VERSION = 1.0;
				PRODUCT_BUNDLE_IDENTIFIER = "com.tanatip.Cinemo-AppUITests";
				PRODUCT_NAME = "$(TARGET_NAME)";
				SWIFT_EMIT_LOC_STRINGS = NO;
				SWIFT_VERSION = 5.0;
				TARGETED_DEVICE_FAMILY = "1,2";
				TEST_TARGET_NAME = "Cinemo App";
			};
			name = Debug;
		};
		16EB1EEC2AD94C8E00137223 /* Release */ = {
			isa = XCBuildConfiguration;
			buildSettings = {
				ALWAYS_EMBED_SWIFT_STANDARD_LIBRARIES = YES;
				CODE_SIGN_STYLE = Automatic;
				CURRENT_PROJECT_VERSION = 1;
				DEVELOPMENT_TEAM = V7YAHHBGTK;
				GENERATE_INFOPLIST_FILE = YES;
				MARKETING_VERSION = 1.0;
				PRODUCT_BUNDLE_IDENTIFIER = "com.tanatip.Cinemo-AppUITests";
				PRODUCT_NAME = "$(TARGET_NAME)";
				SWIFT_EMIT_LOC_STRINGS = NO;
				SWIFT_VERSION = 5.0;
				TARGETED_DEVICE_FAMILY = "1,2";
				TEST_TARGET_NAME = "Cinemo App";
			};
			name = Release;
		};
/* End XCBuildConfiguration section */

/* Begin XCConfigurationList section */
		16EB1EB52AD94C8D00137223 /* Build configuration list for PBXProject "Cinemo App" */ = {
			isa = XCConfigurationList;
			buildConfigurations = (
				16EB1EE22AD94C8E00137223 /* Debug */,
				16EB1EE32AD94C8E00137223 /* Release */,
			);
			defaultConfigurationIsVisible = 0;
			defaultConfigurationName = Release;
		};
		16EB1EE42AD94C8E00137223 /* Build configuration list for PBXNativeTarget "Cinemo App" */ = {
			isa = XCConfigurationList;
			buildConfigurations = (
				16EB1EE52AD94C8E00137223 /* Debug */,
				16EB1EE62AD94C8E00137223 /* Release */,
			);
			defaultConfigurationIsVisible = 0;
			defaultConfigurationName = Release;
		};
		16EB1EE72AD94C8E00137223 /* Build configuration list for PBXNativeTarget "Cinemo AppTests" */ = {
			isa = XCConfigurationList;
			buildConfigurations = (
				16EB1EE82AD94C8E00137223 /* Debug */,
				16EB1EE92AD94C8E00137223 /* Release */,
			);
			defaultConfigurationIsVisible = 0;
			defaultConfigurationName = Release;
		};
		16EB1EEA2AD94C8E00137223 /* Build configuration list for PBXNativeTarget "Cinemo AppUITests" */ = {
			isa = XCConfigurationList;
			buildConfigurations = (
				16EB1EEB2AD94C8E00137223 /* Debug */,
				16EB1EEC2AD94C8E00137223 /* Release */,
			);
			defaultConfigurationIsVisible = 0;
			defaultConfigurationName = Release;
		};
/* End XCConfigurationList section */
	};
	rootObject = 16EB1EB22AD94C8D00137223 /* Project object */;
}
